{
  "version": 4,
  "terraform_version": "1.13.5",
  "serial": 198,
  "lineage": "f1a513b9-4ef8-741a-6bdb-8646355e157c",
  "outputs": {
    "ansible_inventory_path": {
      "value": "./../ansible/inventory/hosts",
      "type": "string"
    },
    "cluster_info": {
      "value": {
        "edge": {
          "name": "spark-edge",
          "private_ip": "10.128.0.4",
          "public_ip": "34.134.143.6"
        },
        "master": {
          "name": "spark-master",
          "private_ip": "10.128.0.2",
          "public_ip": "34.61.228.226"
        },
        "workers": [
          {
            "name": "spark-worker-1",
            "private_ip": "10.128.0.3",
            "public_ip": "34.58.203.94"
          },
          {
            "name": "spark-worker-2",
            "private_ip": "10.128.0.5",
            "public_ip": "34.133.150.19"
          }
        ]
      },
      "type": [
        "object",
        {
          "edge": [
            "object",
            {
              "name": "string",
              "private_ip": "string",
              "public_ip": "string"
            }
          ],
          "master": [
            "object",
            {
              "name": "string",
              "private_ip": "string",
              "public_ip": "string"
            }
          ],
          "workers": [
            "tuple",
            [
              [
                "object",
                {
                  "name": "string",
                  "private_ip": "string",
                  "public_ip": "string"
                }
              ],
              [
                "object",
                {
                  "name": "string",
                  "private_ip": "string",
                  "public_ip": "string"
                }
              ]
            ]
          ]
        }
      ]
    },
    "edge_ip": {
      "value": "10.128.0.4",
      "type": "string"
    },
    "edge_public_ip": {
      "value": "34.134.143.6",
      "type": "string"
    },
    "master_ip": {
      "value": "10.128.0.2",
      "type": "string"
    },
    "master_public_ip": {
      "value": "34.61.228.226",
      "type": "string"
    },
    "worker_ips": {
      "value": [
        "10.128.0.3",
        "10.128.0.5"
      ],
      "type": [
        "tuple",
        [
          "string",
          "string"
        ]
      ]
    },
    "worker_public_ips": {
      "value": [
        "34.58.203.94",
        "34.133.150.19"
      ],
      "type": [
        "tuple",
        [
          "string",
          "string"
        ]
      ]
    }
  },
  "resources": [
    {
      "mode": "managed",
      "type": "google_compute_firewall",
      "name": "allow_internal",
      "provider": "provider[\"registry.terraform.io/hashicorp/google\"]",
      "instances": [
        {
          "schema_version": 1,
          "attributes": {
            "allow": [
              {
                "ports": [
                  "0-65535"
                ],
                "protocol": "tcp"
              },
              {
                "ports": [
                  "0-65535"
                ],
                "protocol": "udp"
              }
            ],
            "creation_timestamp": "2025-11-21T00:01:01.148-08:00",
            "deny": [],
            "description": "",
            "destination_ranges": [],
            "direction": "INGRESS",
            "disabled": false,
            "enable_logging": null,
            "id": "projects/spark-automation-1763590375/global/firewalls/spark-allow-internal",
            "log_config": [],
            "name": "spark-allow-internal",
            "network": "https://www.googleapis.com/compute/v1/projects/spark-automation-1763590375/global/networks/spark-vpc",
            "params": [],
            "priority": 1000,
            "project": "spark-automation-1763590375",
            "self_link": "https://www.googleapis.com/compute/v1/projects/spark-automation-1763590375/global/firewalls/spark-allow-internal",
            "source_ranges": [],
            "source_service_accounts": [],
            "source_tags": [
              "spark"
            ],
            "target_service_accounts": [],
            "target_tags": [
              "spark"
            ],
            "timeouts": null
          },
          "sensitive_attributes": [],
          "identity_schema_version": 0,
          "private": "eyJlMmJmYjczMC1lY2FhLTExZTYtOGY4OC0zNDM2M2JjN2M0YzAiOnsiY3JlYXRlIjoxMjAwMDAwMDAwMDAwLCJkZWxldGUiOjEyMDAwMDAwMDAwMDAsInVwZGF0ZSI6MTIwMDAwMDAwMDAwMH0sInNjaGVtYV92ZXJzaW9uIjoiMSJ9",
          "dependencies": [
            "google_compute_network.vpc"
          ]
        }
      ]
    },
    {
      "mode": "managed",
      "type": "google_compute_firewall",
      "name": "allow_ssh_spark",
      "provider": "provider[\"registry.terraform.io/hashicorp/google\"]",
      "instances": [
        {
          "schema_version": 1,
          "attributes": {
            "allow": [
              {
                "ports": [
                  "22",
                  "8080",
                  "8081",
                  "4040",
                  "7077"
                ],
                "protocol": "tcp"
              }
            ],
            "creation_timestamp": "2025-11-21T00:01:01.154-08:00",
            "deny": [],
            "description": "",
            "destination_ranges": [],
            "direction": "INGRESS",
            "disabled": false,
            "enable_logging": null,
            "id": "projects/spark-automation-1763590375/global/firewalls/allow-ssh-spark",
            "log_config": [],
            "name": "allow-ssh-spark",
            "network": "https://www.googleapis.com/compute/v1/projects/spark-automation-1763590375/global/networks/spark-vpc",
            "params": [],
            "priority": 1000,
            "project": "spark-automation-1763590375",
            "self_link": "https://www.googleapis.com/compute/v1/projects/spark-automation-1763590375/global/firewalls/allow-ssh-spark",
            "source_ranges": [
              "2402:800:61c3:3793:54bb:739d:53d4:2df0/32"
            ],
            "source_service_accounts": [],
            "source_tags": [],
            "target_service_accounts": [],
            "target_tags": [
              "spark"
            ],
            "timeouts": null
          },
          "sensitive_attributes": [],
          "identity_schema_version": 0,
          "private": "eyJlMmJmYjczMC1lY2FhLTExZTYtOGY4OC0zNDM2M2JjN2M0YzAiOnsiY3JlYXRlIjoxMjAwMDAwMDAwMDAwLCJkZWxldGUiOjEyMDAwMDAwMDAwMDAsInVwZGF0ZSI6MTIwMDAwMDAwMDAwMH0sInNjaGVtYV92ZXJzaW9uIjoiMSJ9",
          "dependencies": [
            "google_compute_network.vpc"
          ]
        }
      ]
    },
    {
      "mode": "managed",
      "type": "google_compute_instance",
      "name": "edge",
      "provider": "provider[\"registry.terraform.io/hashicorp/google\"]",
      "instances": [
        {
          "schema_version": 6,
          "attributes": {
            "advanced_machine_features": [],
            "allow_stopping_for_update": null,
            "attached_disk": [],
            "boot_disk": [
              {
                "auto_delete": true,
                "device_name": "persistent-disk-0",
                "disk_encryption_key_raw": "",
                "disk_encryption_key_rsa": "",
                "disk_encryption_key_sha256": "",
                "disk_encryption_service_account": "",
                "force_attach": false,
                "guest_os_features": [
                  "VIRTIO_SCSI_MULTIQUEUE",
                  "SEV_CAPABLE",
                  "SEV_SNP_CAPABLE",
                  "SEV_LIVE_MIGRATABLE",
                  "SEV_LIVE_MIGRATABLE_V2",
                  "IDPF",
                  "TDX_CAPABLE",
                  "UEFI_COMPATIBLE",
                  "GVNIC"
                ],
                "initialize_params": [
                  {
                    "architecture": "X86_64",
                    "enable_confidential_compute": false,
                    "image": "https://www.googleapis.com/compute/v1/projects/ubuntu-os-cloud/global/images/ubuntu-2204-jammy-v20251111",
                    "labels": {},
                    "provisioned_iops": 0,
                    "provisioned_throughput": 0,
                    "resource_manager_tags": {},
                    "resource_policies": [],
                    "size": 10,
                    "snapshot": "",
                    "source_image_encryption_key": [],
                    "source_snapshot_encryption_key": [],
                    "storage_pool": "",
                    "type": "pd-standard"
                  }
                ],
                "interface": "",
                "kms_key_self_link": "",
                "mode": "READ_WRITE",
                "source": "https://www.googleapis.com/compute/v1/projects/spark-automation-1763590375/zones/us-central1-a/disks/spark-edge"
              }
            ],
            "can_ip_forward": false,
            "confidential_instance_config": [],
            "cpu_platform": "Intel Broadwell",
            "creation_timestamp": "2025-11-21T00:01:02.985-08:00",
            "current_status": "RUNNING",
            "deletion_protection": false,
            "description": "",
            "desired_status": null,
            "effective_labels": {
              "goog-terraform-provisioned": "true"
            },
            "enable_display": false,
            "guest_accelerator": [],
            "hostname": "",
            "id": "projects/spark-automation-1763590375/zones/us-central1-a/instances/spark-edge",
            "instance_encryption_key": [],
            "instance_id": "3552733213016040145",
            "key_revocation_action_type": "",
            "label_fingerprint": "vezUS-42LLM=",
            "labels": {},
            "machine_type": "e2-medium",
            "metadata": {
              "ssh-keys": "ubuntu:ssh-rsa AAAAB3NzaC1yc2EAAAADAQABAAACAQCrSUbxFuahyP9ta45nK8oe916Svu5H0JXiVvnz85gc37R61QNvYq3vE3xJ7MA2kqxPHHjlDlVKx6FlD41lQBdhXBSfZ1k5jfygcUz2iYZ/6utaSQibCyCdwO1VmLkjrzg0vV99XIFPIMF4JmEyTvON8rrbXBMOKAo2V94cLSLwdSkCn10ProOUdRHOq3OmjYS4ZJeMw7sr1Pvu5jWAfduOlHx2ZqgqnA46283EZuq7Vld7FKeGb2zjrtGD6WMo1mvt4WvAoBf/Fmntop3CgXQhm+/nR8LapnK18d7xJcZcRGozdQycOSEW66Hx0U1bJ/7bcoKtwleMWNUCvwX0qjrDiSMiD0dVk9GdmzlYPrfDJPOivTme2TWMi27s52ozUTzcEhJTeBlBBWCcRcBmAi4VAlCMGYoQDhYXHe6lH5x1JTEQeMAe3RxId5yC1ia2IsbFw+d60hZjoMAhJpyeUXYtgEGKw8B0QlheDrSNmKc++X9McfKR/htC/0GXXYXm4oOsZCQ7A1SFe1Bo6FcmPf/R6+sPIXELLrrZXdJI885JRcSEazZjgNipVafOEAB+t7dkHifcktT83xE2gQhiv6l/9VhL8xMLq37bYjx0Cm+TLdbw/SBsOCAukaQryW4flPFza830I5fpR3vwVZEaU/cLNbhzb73wXtHFn2QDjNTbTQ== astinenguyen@gmail.com\n\n"
            },
            "metadata_fingerprint": "qAxAOUUeVpU=",
            "metadata_startup_script": null,
            "min_cpu_platform": "",
            "name": "spark-edge",
            "network_interface": [
              {
                "access_config": [
                  {
                    "nat_ip": "34.134.143.6",
                    "network_tier": "PREMIUM",
                    "public_ptr_domain_name": ""
                  }
                ],
                "alias_ip_range": [],
                "internal_ipv6_prefix_length": 0,
                "ipv6_access_config": [],
                "ipv6_access_type": "",
                "ipv6_address": "",
                "name": "nic0",
                "network": "https://www.googleapis.com/compute/v1/projects/spark-automation-1763590375/global/networks/spark-vpc",
                "network_attachment": "",
                "network_ip": "10.128.0.4",
                "nic_type": "",
                "queue_count": 0,
                "stack_type": "IPV4_ONLY",
                "subnetwork": "https://www.googleapis.com/compute/v1/projects/spark-automation-1763590375/regions/us-central1/subnetworks/spark-vpc",
                "subnetwork_project": "spark-automation-1763590375"
              }
            ],
            "network_performance_config": [],
            "params": [],
            "project": "spark-automation-1763590375",
            "reservation_affinity": [],
            "resource_policies": [],
            "scheduling": [
              {
                "automatic_restart": true,
                "availability_domain": 0,
                "instance_termination_action": "",
                "local_ssd_recovery_timeout": [],
                "max_run_duration": [],
                "min_node_cpus": 0,
                "node_affinities": [],
                "on_host_maintenance": "MIGRATE",
                "on_instance_stop_action": [],
                "preemptible": false,
                "provisioning_model": "STANDARD",
                "termination_time": ""
              }
            ],
            "scratch_disk": [],
            "self_link": "https://www.googleapis.com/compute/v1/projects/spark-automation-1763590375/zones/us-central1-a/instances/spark-edge",
            "service_account": [
              {
                "email": "spark-edge-sa@spark-automation-1763590375.iam.gserviceaccount.com",
                "scopes": [
                  "https://www.googleapis.com/auth/cloud-platform"
                ]
              }
            ],
            "shielded_instance_config": [
              {
                "enable_integrity_monitoring": true,
                "enable_secure_boot": false,
                "enable_vtpm": true
              }
            ],
            "tags": [
              "edge",
              "spark"
            ],
            "tags_fingerprint": "ZoiSYFKXT8Y=",
            "terraform_labels": {
              "goog-terraform-provisioned": "true"
            },
            "timeouts": null,
            "zone": "us-central1-a"
          },
          "sensitive_attributes": [
            [
              {
                "type": "get_attr",
                "value": "boot_disk"
              },
              {
                "type": "index",
                "value": {
                  "value": 0,
                  "type": "number"
                }
              },
              {
                "type": "get_attr",
                "value": "disk_encryption_key_raw"
              }
            ],
            [
              {
                "type": "get_attr",
                "value": "boot_disk"
              },
              {
                "type": "index",
                "value": {
                  "value": 0,
                  "type": "number"
                }
              },
              {
                "type": "get_attr",
                "value": "disk_encryption_key_rsa"
              }
            ]
          ],
          "identity_schema_version": 0,
          "private": "eyJlMmJmYjczMC1lY2FhLTExZTYtOGY4OC0zNDM2M2JjN2M0YzAiOnsiY3JlYXRlIjoxMjAwMDAwMDAwMDAwLCJkZWxldGUiOjEyMDAwMDAwMDAwMDAsInVwZGF0ZSI6MTIwMDAwMDAwMDAwMH0sInNjaGVtYV92ZXJzaW9uIjoiNiJ9",
          "dependencies": [
            "google_compute_network.vpc",
            "google_service_account.spark_edge"
          ]
        }
      ]
    },
    {
      "mode": "managed",
      "type": "google_compute_instance",
      "name": "master",
      "provider": "provider[\"registry.terraform.io/hashicorp/google\"]",
      "instances": [
        {
          "schema_version": 6,
          "attributes": {
            "advanced_machine_features": [],
            "allow_stopping_for_update": null,
            "attached_disk": [],
            "boot_disk": [
              {
                "auto_delete": true,
                "device_name": "persistent-disk-0",
                "disk_encryption_key_raw": "",
                "disk_encryption_key_rsa": "",
                "disk_encryption_key_sha256": "",
                "disk_encryption_service_account": "",
                "force_attach": false,
                "guest_os_features": [
                  "VIRTIO_SCSI_MULTIQUEUE",
                  "SEV_CAPABLE",
                  "SEV_SNP_CAPABLE",
                  "SEV_LIVE_MIGRATABLE",
                  "SEV_LIVE_MIGRATABLE_V2",
                  "IDPF",
                  "TDX_CAPABLE",
                  "UEFI_COMPATIBLE",
                  "GVNIC"
                ],
                "initialize_params": [
                  {
                    "architecture": "X86_64",
                    "enable_confidential_compute": false,
                    "image": "https://www.googleapis.com/compute/v1/projects/ubuntu-os-cloud/global/images/ubuntu-2204-jammy-v20251111",
                    "labels": {},
                    "provisioned_iops": 0,
                    "provisioned_throughput": 0,
                    "resource_manager_tags": {},
                    "resource_policies": [],
                    "size": 10,
                    "snapshot": "",
                    "source_image_encryption_key": [],
                    "source_snapshot_encryption_key": [],
                    "storage_pool": "",
                    "type": "pd-standard"
                  }
                ],
                "interface": "",
                "kms_key_self_link": "",
                "mode": "READ_WRITE",
                "source": "https://www.googleapis.com/compute/v1/projects/spark-automation-1763590375/zones/us-central1-a/disks/spark-master"
              }
            ],
            "can_ip_forward": false,
            "confidential_instance_config": [],
            "cpu_platform": "Intel Broadwell",
            "creation_timestamp": "2025-11-21T00:01:02.925-08:00",
            "current_status": "RUNNING",
            "deletion_protection": false,
            "description": "",
            "desired_status": null,
            "effective_labels": {
              "goog-terraform-provisioned": "true"
            },
            "enable_display": false,
            "guest_accelerator": [],
            "hostname": "",
            "id": "projects/spark-automation-1763590375/zones/us-central1-a/instances/spark-master",
            "instance_encryption_key": [],
            "instance_id": "8750234839129367249",
            "key_revocation_action_type": "",
            "label_fingerprint": "vezUS-42LLM=",
            "labels": {},
            "machine_type": "e2-medium",
            "metadata": {
              "ssh-keys": "ubuntu:ssh-rsa AAAAB3NzaC1yc2EAAAADAQABAAACAQCrSUbxFuahyP9ta45nK8oe916Svu5H0JXiVvnz85gc37R61QNvYq3vE3xJ7MA2kqxPHHjlDlVKx6FlD41lQBdhXBSfZ1k5jfygcUz2iYZ/6utaSQibCyCdwO1VmLkjrzg0vV99XIFPIMF4JmEyTvON8rrbXBMOKAo2V94cLSLwdSkCn10ProOUdRHOq3OmjYS4ZJeMw7sr1Pvu5jWAfduOlHx2ZqgqnA46283EZuq7Vld7FKeGb2zjrtGD6WMo1mvt4WvAoBf/Fmntop3CgXQhm+/nR8LapnK18d7xJcZcRGozdQycOSEW66Hx0U1bJ/7bcoKtwleMWNUCvwX0qjrDiSMiD0dVk9GdmzlYPrfDJPOivTme2TWMi27s52ozUTzcEhJTeBlBBWCcRcBmAi4VAlCMGYoQDhYXHe6lH5x1JTEQeMAe3RxId5yC1ia2IsbFw+d60hZjoMAhJpyeUXYtgEGKw8B0QlheDrSNmKc++X9McfKR/htC/0GXXYXm4oOsZCQ7A1SFe1Bo6FcmPf/R6+sPIXELLrrZXdJI885JRcSEazZjgNipVafOEAB+t7dkHifcktT83xE2gQhiv6l/9VhL8xMLq37bYjx0Cm+TLdbw/SBsOCAukaQryW4flPFza830I5fpR3vwVZEaU/cLNbhzb73wXtHFn2QDjNTbTQ== astinenguyen@gmail.com\n\n"
            },
            "metadata_fingerprint": "qAxAOUUeVpU=",
            "metadata_startup_script": null,
            "min_cpu_platform": "",
            "name": "spark-master",
            "network_interface": [
              {
                "access_config": [
                  {
                    "nat_ip": "34.61.228.226",
                    "network_tier": "PREMIUM",
                    "public_ptr_domain_name": ""
                  }
                ],
                "alias_ip_range": [],
                "internal_ipv6_prefix_length": 0,
                "ipv6_access_config": [],
                "ipv6_access_type": "",
                "ipv6_address": "",
                "name": "nic0",
                "network": "https://www.googleapis.com/compute/v1/projects/spark-automation-1763590375/global/networks/spark-vpc",
                "network_attachment": "",
                "network_ip": "10.128.0.2",
                "nic_type": "",
                "queue_count": 0,
                "stack_type": "IPV4_ONLY",
                "subnetwork": "https://www.googleapis.com/compute/v1/projects/spark-automation-1763590375/regions/us-central1/subnetworks/spark-vpc",
                "subnetwork_project": "spark-automation-1763590375"
              }
            ],
            "network_performance_config": [],
            "params": [],
            "project": "spark-automation-1763590375",
            "reservation_affinity": [],
            "resource_policies": [],
            "scheduling": [
              {
                "automatic_restart": true,
                "availability_domain": 0,
                "instance_termination_action": "",
                "local_ssd_recovery_timeout": [],
                "max_run_duration": [],
                "min_node_cpus": 0,
                "node_affinities": [],
                "on_host_maintenance": "MIGRATE",
                "on_instance_stop_action": [],
                "preemptible": false,
                "provisioning_model": "STANDARD",
                "termination_time": ""
              }
            ],
            "scratch_disk": [],
            "self_link": "https://www.googleapis.com/compute/v1/projects/spark-automation-1763590375/zones/us-central1-a/instances/spark-master",
            "service_account": [
              {
                "email": "spark-master-sa@spark-automation-1763590375.iam.gserviceaccount.com",
                "scopes": [
                  "https://www.googleapis.com/auth/cloud-platform"
                ]
              }
            ],
            "shielded_instance_config": [
              {
                "enable_integrity_monitoring": true,
                "enable_secure_boot": false,
                "enable_vtpm": true
              }
            ],
            "tags": [
              "master",
              "spark"
            ],
            "tags_fingerprint": "v7hG63_wPPU=",
            "terraform_labels": {
              "goog-terraform-provisioned": "true"
            },
            "timeouts": null,
            "zone": "us-central1-a"
          },
          "sensitive_attributes": [
            [
              {
                "type": "get_attr",
                "value": "boot_disk"
              },
              {
                "type": "index",
                "value": {
                  "value": 0,
                  "type": "number"
                }
              },
              {
                "type": "get_attr",
                "value": "disk_encryption_key_raw"
              }
            ],
            [
              {
                "type": "get_attr",
                "value": "boot_disk"
              },
              {
                "type": "index",
                "value": {
                  "value": 0,
                  "type": "number"
                }
              },
              {
                "type": "get_attr",
                "value": "disk_encryption_key_rsa"
              }
            ]
          ],
          "identity_schema_version": 0,
          "private": "eyJlMmJmYjczMC1lY2FhLTExZTYtOGY4OC0zNDM2M2JjN2M0YzAiOnsiY3JlYXRlIjoxMjAwMDAwMDAwMDAwLCJkZWxldGUiOjEyMDAwMDAwMDAwMDAsInVwZGF0ZSI6MTIwMDAwMDAwMDAwMH0sInNjaGVtYV92ZXJzaW9uIjoiNiJ9",
          "dependencies": [
            "google_compute_network.vpc",
            "google_service_account.spark_master"
          ]
        }
      ]
    },
    {
      "mode": "managed",
      "type": "google_compute_instance",
      "name": "workers",
      "provider": "provider[\"registry.terraform.io/hashicorp/google\"]",
      "instances": [
        {
          "index_key": 0,
          "schema_version": 6,
          "attributes": {
            "advanced_machine_features": [],
            "allow_stopping_for_update": null,
            "attached_disk": [],
            "boot_disk": [
              {
                "auto_delete": true,
                "device_name": "persistent-disk-0",
                "disk_encryption_key_raw": "",
                "disk_encryption_key_rsa": "",
                "disk_encryption_key_sha256": "",
                "disk_encryption_service_account": "",
                "force_attach": false,
                "guest_os_features": [
                  "VIRTIO_SCSI_MULTIQUEUE",
                  "SEV_CAPABLE",
                  "SEV_SNP_CAPABLE",
                  "SEV_LIVE_MIGRATABLE",
                  "SEV_LIVE_MIGRATABLE_V2",
                  "IDPF",
                  "TDX_CAPABLE",
                  "UEFI_COMPATIBLE",
                  "GVNIC"
                ],
                "initialize_params": [
                  {
                    "architecture": "X86_64",
                    "enable_confidential_compute": false,
                    "image": "https://www.googleapis.com/compute/v1/projects/ubuntu-os-cloud/global/images/ubuntu-2204-jammy-v20251111",
                    "labels": {},
                    "provisioned_iops": 0,
                    "provisioned_throughput": 0,
                    "resource_manager_tags": {},
                    "resource_policies": [],
                    "size": 10,
                    "snapshot": "",
                    "source_image_encryption_key": [],
                    "source_snapshot_encryption_key": [],
                    "storage_pool": "",
                    "type": "pd-standard"
                  }
                ],
                "interface": "",
                "kms_key_self_link": "",
                "mode": "READ_WRITE",
                "source": "https://www.googleapis.com/compute/v1/projects/spark-automation-1763590375/zones/us-central1-a/disks/spark-worker-1"
              }
            ],
            "can_ip_forward": false,
            "confidential_instance_config": [],
            "cpu_platform": "Intel Broadwell",
            "creation_timestamp": "2025-11-21T00:01:02.834-08:00",
            "current_status": "RUNNING",
            "deletion_protection": false,
            "description": "",
            "desired_status": null,
            "effective_labels": {
              "goog-terraform-provisioned": "true"
            },
            "enable_display": false,
            "guest_accelerator": [],
            "hostname": "",
            "id": "projects/spark-automation-1763590375/zones/us-central1-a/instances/spark-worker-1",
            "instance_encryption_key": [],
            "instance_id": "3552555083542405841",
            "key_revocation_action_type": "",
            "label_fingerprint": "vezUS-42LLM=",
            "labels": {},
            "machine_type": "e2-medium",
            "metadata": {
              "ssh-keys": "ubuntu:ssh-rsa AAAAB3NzaC1yc2EAAAADAQABAAACAQCrSUbxFuahyP9ta45nK8oe916Svu5H0JXiVvnz85gc37R61QNvYq3vE3xJ7MA2kqxPHHjlDlVKx6FlD41lQBdhXBSfZ1k5jfygcUz2iYZ/6utaSQibCyCdwO1VmLkjrzg0vV99XIFPIMF4JmEyTvON8rrbXBMOKAo2V94cLSLwdSkCn10ProOUdRHOq3OmjYS4ZJeMw7sr1Pvu5jWAfduOlHx2ZqgqnA46283EZuq7Vld7FKeGb2zjrtGD6WMo1mvt4WvAoBf/Fmntop3CgXQhm+/nR8LapnK18d7xJcZcRGozdQycOSEW66Hx0U1bJ/7bcoKtwleMWNUCvwX0qjrDiSMiD0dVk9GdmzlYPrfDJPOivTme2TWMi27s52ozUTzcEhJTeBlBBWCcRcBmAi4VAlCMGYoQDhYXHe6lH5x1JTEQeMAe3RxId5yC1ia2IsbFw+d60hZjoMAhJpyeUXYtgEGKw8B0QlheDrSNmKc++X9McfKR/htC/0GXXYXm4oOsZCQ7A1SFe1Bo6FcmPf/R6+sPIXELLrrZXdJI885JRcSEazZjgNipVafOEAB+t7dkHifcktT83xE2gQhiv6l/9VhL8xMLq37bYjx0Cm+TLdbw/SBsOCAukaQryW4flPFza830I5fpR3vwVZEaU/cLNbhzb73wXtHFn2QDjNTbTQ== astinenguyen@gmail.com\n\n"
            },
            "metadata_fingerprint": "qAxAOUUeVpU=",
            "metadata_startup_script": null,
            "min_cpu_platform": "",
            "name": "spark-worker-1",
            "network_interface": [
              {
                "access_config": [
                  {
                    "nat_ip": "34.58.203.94",
                    "network_tier": "PREMIUM",
                    "public_ptr_domain_name": ""
                  }
                ],
                "alias_ip_range": [],
                "internal_ipv6_prefix_length": 0,
                "ipv6_access_config": [],
                "ipv6_access_type": "",
                "ipv6_address": "",
                "name": "nic0",
                "network": "https://www.googleapis.com/compute/v1/projects/spark-automation-1763590375/global/networks/spark-vpc",
                "network_attachment": "",
                "network_ip": "10.128.0.3",
                "nic_type": "",
                "queue_count": 0,
                "stack_type": "IPV4_ONLY",
                "subnetwork": "https://www.googleapis.com/compute/v1/projects/spark-automation-1763590375/regions/us-central1/subnetworks/spark-vpc",
                "subnetwork_project": "spark-automation-1763590375"
              }
            ],
            "network_performance_config": [],
            "params": [],
            "project": "spark-automation-1763590375",
            "reservation_affinity": [],
            "resource_policies": [],
            "scheduling": [
              {
                "automatic_restart": true,
                "availability_domain": 0,
                "instance_termination_action": "",
                "local_ssd_recovery_timeout": [],
                "max_run_duration": [],
                "min_node_cpus": 0,
                "node_affinities": [],
                "on_host_maintenance": "MIGRATE",
                "on_instance_stop_action": [],
                "preemptible": false,
                "provisioning_model": "STANDARD",
                "termination_time": ""
              }
            ],
            "scratch_disk": [],
            "self_link": "https://www.googleapis.com/compute/v1/projects/spark-automation-1763590375/zones/us-central1-a/instances/spark-worker-1",
            "service_account": [
              {
                "email": "spark-worker-sa@spark-automation-1763590375.iam.gserviceaccount.com",
                "scopes": [
                  "https://www.googleapis.com/auth/cloud-platform"
                ]
              }
            ],
            "shielded_instance_config": [
              {
                "enable_integrity_monitoring": true,
                "enable_secure_boot": false,
                "enable_vtpm": true
              }
            ],
            "tags": [
              "spark",
              "worker"
            ],
            "tags_fingerprint": "9jtDfyBb2A0=",
            "terraform_labels": {
              "goog-terraform-provisioned": "true"
            },
            "timeouts": null,
            "zone": "us-central1-a"
          },
          "sensitive_attributes": [
            [
              {
                "type": "get_attr",
                "value": "boot_disk"
              },
              {
                "type": "index",
                "value": {
                  "value": 0,
                  "type": "number"
                }
              },
              {
                "type": "get_attr",
                "value": "disk_encryption_key_raw"
              }
            ],
            [
              {
                "type": "get_attr",
                "value": "boot_disk"
              },
              {
                "type": "index",
                "value": {
                  "value": 0,
                  "type": "number"
                }
              },
              {
                "type": "get_attr",
                "value": "disk_encryption_key_rsa"
              }
            ]
          ],
          "identity_schema_version": 0,
          "private": "eyJlMmJmYjczMC1lY2FhLTExZTYtOGY4OC0zNDM2M2JjN2M0YzAiOnsiY3JlYXRlIjoxMjAwMDAwMDAwMDAwLCJkZWxldGUiOjEyMDAwMDAwMDAwMDAsInVwZGF0ZSI6MTIwMDAwMDAwMDAwMH0sInNjaGVtYV92ZXJzaW9uIjoiNiJ9",
          "dependencies": [
            "google_compute_network.vpc",
            "google_service_account.spark_worker"
          ]
        },
        {
          "index_key": 1,
          "schema_version": 6,
          "attributes": {
            "advanced_machine_features": [],
            "allow_stopping_for_update": null,
            "attached_disk": [],
            "boot_disk": [
              {
                "auto_delete": true,
                "device_name": "persistent-disk-0",
                "disk_encryption_key_raw": "",
                "disk_encryption_key_rsa": "",
                "disk_encryption_key_sha256": "",
                "disk_encryption_service_account": "",
                "force_attach": false,
                "guest_os_features": [
                  "VIRTIO_SCSI_MULTIQUEUE",
                  "SEV_CAPABLE",
                  "SEV_SNP_CAPABLE",
                  "SEV_LIVE_MIGRATABLE",
                  "SEV_LIVE_MIGRATABLE_V2",
                  "IDPF",
                  "TDX_CAPABLE",
                  "UEFI_COMPATIBLE",
                  "GVNIC"
                ],
                "initialize_params": [
                  {
                    "architecture": "X86_64",
                    "enable_confidential_compute": false,
                    "image": "https://www.googleapis.com/compute/v1/projects/ubuntu-os-cloud/global/images/ubuntu-2204-jammy-v20251111",
                    "labels": {},
                    "provisioned_iops": 0,
                    "provisioned_throughput": 0,
                    "resource_manager_tags": {},
                    "resource_policies": [],
                    "size": 10,
                    "snapshot": "",
                    "source_image_encryption_key": [],
                    "source_snapshot_encryption_key": [],
                    "storage_pool": "",
                    "type": "pd-standard"
                  }
                ],
                "interface": "",
                "kms_key_self_link": "",
                "mode": "READ_WRITE",
                "source": "https://www.googleapis.com/compute/v1/projects/spark-automation-1763590375/zones/us-central1-a/disks/spark-worker-2"
              }
            ],
            "can_ip_forward": false,
            "confidential_instance_config": [],
            "cpu_platform": "Intel Broadwell",
            "creation_timestamp": "2025-11-21T00:01:03.258-08:00",
            "current_status": "RUNNING",
            "deletion_protection": false,
            "description": "",
            "desired_status": null,
            "effective_labels": {
              "goog-terraform-provisioned": "true"
            },
            "enable_display": false,
            "guest_accelerator": [],
            "hostname": "",
            "id": "projects/spark-automation-1763590375/zones/us-central1-a/instances/spark-worker-2",
            "instance_encryption_key": [],
            "instance_id": "576545782850495185",
            "key_revocation_action_type": "",
            "label_fingerprint": "vezUS-42LLM=",
            "labels": {},
            "machine_type": "e2-medium",
            "metadata": {
              "ssh-keys": "ubuntu:ssh-rsa AAAAB3NzaC1yc2EAAAADAQABAAACAQCrSUbxFuahyP9ta45nK8oe916Svu5H0JXiVvnz85gc37R61QNvYq3vE3xJ7MA2kqxPHHjlDlVKx6FlD41lQBdhXBSfZ1k5jfygcUz2iYZ/6utaSQibCyCdwO1VmLkjrzg0vV99XIFPIMF4JmEyTvON8rrbXBMOKAo2V94cLSLwdSkCn10ProOUdRHOq3OmjYS4ZJeMw7sr1Pvu5jWAfduOlHx2ZqgqnA46283EZuq7Vld7FKeGb2zjrtGD6WMo1mvt4WvAoBf/Fmntop3CgXQhm+/nR8LapnK18d7xJcZcRGozdQycOSEW66Hx0U1bJ/7bcoKtwleMWNUCvwX0qjrDiSMiD0dVk9GdmzlYPrfDJPOivTme2TWMi27s52ozUTzcEhJTeBlBBWCcRcBmAi4VAlCMGYoQDhYXHe6lH5x1JTEQeMAe3RxId5yC1ia2IsbFw+d60hZjoMAhJpyeUXYtgEGKw8B0QlheDrSNmKc++X9McfKR/htC/0GXXYXm4oOsZCQ7A1SFe1Bo6FcmPf/R6+sPIXELLrrZXdJI885JRcSEazZjgNipVafOEAB+t7dkHifcktT83xE2gQhiv6l/9VhL8xMLq37bYjx0Cm+TLdbw/SBsOCAukaQryW4flPFza830I5fpR3vwVZEaU/cLNbhzb73wXtHFn2QDjNTbTQ== astinenguyen@gmail.com\n\n"
            },
            "metadata_fingerprint": "qAxAOUUeVpU=",
            "metadata_startup_script": null,
            "min_cpu_platform": "",
            "name": "spark-worker-2",
            "network_interface": [
              {
                "access_config": [
                  {
                    "nat_ip": "34.133.150.19",
                    "network_tier": "PREMIUM",
                    "public_ptr_domain_name": ""
                  }
                ],
                "alias_ip_range": [],
                "internal_ipv6_prefix_length": 0,
                "ipv6_access_config": [],
                "ipv6_access_type": "",
                "ipv6_address": "",
                "name": "nic0",
                "network": "https://www.googleapis.com/compute/v1/projects/spark-automation-1763590375/global/networks/spark-vpc",
                "network_attachment": "",
                "network_ip": "10.128.0.5",
                "nic_type": "",
                "queue_count": 0,
                "stack_type": "IPV4_ONLY",
                "subnetwork": "https://www.googleapis.com/compute/v1/projects/spark-automation-1763590375/regions/us-central1/subnetworks/spark-vpc",
                "subnetwork_project": "spark-automation-1763590375"
              }
            ],
            "network_performance_config": [],
            "params": [],
            "project": "spark-automation-1763590375",
            "reservation_affinity": [],
            "resource_policies": [],
            "scheduling": [
              {
                "automatic_restart": true,
                "availability_domain": 0,
                "instance_termination_action": "",
                "local_ssd_recovery_timeout": [],
                "max_run_duration": [],
                "min_node_cpus": 0,
                "node_affinities": [],
                "on_host_maintenance": "MIGRATE",
                "on_instance_stop_action": [],
                "preemptible": false,
                "provisioning_model": "STANDARD",
                "termination_time": ""
              }
            ],
            "scratch_disk": [],
            "self_link": "https://www.googleapis.com/compute/v1/projects/spark-automation-1763590375/zones/us-central1-a/instances/spark-worker-2",
            "service_account": [
              {
                "email": "spark-worker-sa@spark-automation-1763590375.iam.gserviceaccount.com",
                "scopes": [
                  "https://www.googleapis.com/auth/cloud-platform"
                ]
              }
            ],
            "shielded_instance_config": [
              {
                "enable_integrity_monitoring": true,
                "enable_secure_boot": false,
                "enable_vtpm": true
              }
            ],
            "tags": [
              "spark",
              "worker"
            ],
            "tags_fingerprint": "9jtDfyBb2A0=",
            "terraform_labels": {
              "goog-terraform-provisioned": "true"
            },
            "timeouts": null,
            "zone": "us-central1-a"
          },
          "sensitive_attributes": [
            [
              {
                "type": "get_attr",
                "value": "boot_disk"
              },
              {
                "type": "index",
                "value": {
                  "value": 0,
                  "type": "number"
                }
              },
              {
                "type": "get_attr",
                "value": "disk_encryption_key_raw"
              }
            ],
            [
              {
                "type": "get_attr",
                "value": "boot_disk"
              },
              {
                "type": "index",
                "value": {
                  "value": 0,
                  "type": "number"
                }
              },
              {
                "type": "get_attr",
                "value": "disk_encryption_key_rsa"
              }
            ]
          ],
          "identity_schema_version": 0,
          "private": "eyJlMmJmYjczMC1lY2FhLTExZTYtOGY4OC0zNDM2M2JjN2M0YzAiOnsiY3JlYXRlIjoxMjAwMDAwMDAwMDAwLCJkZWxldGUiOjEyMDAwMDAwMDAwMDAsInVwZGF0ZSI6MTIwMDAwMDAwMDAwMH0sInNjaGVtYV92ZXJzaW9uIjoiNiJ9",
          "dependencies": [
            "google_compute_network.vpc",
            "google_service_account.spark_worker"
          ]
        }
      ]
    },
    {
      "mode": "managed",
      "type": "google_compute_network",
      "name": "vpc",
      "provider": "provider[\"registry.terraform.io/hashicorp/google\"]",
      "instances": [
        {
          "schema_version": 0,
          "attributes": {
            "auto_create_subnetworks": true,
            "bgp_always_compare_med": false,
            "bgp_best_path_selection_mode": "LEGACY",
            "bgp_inter_region_cost": "",
            "delete_default_routes_on_create": false,
            "description": "",
            "enable_ula_internal_ipv6": false,
            "gateway_ipv4": "",
            "id": "projects/spark-automation-1763590375/global/networks/spark-vpc",
            "internal_ipv6_range": "",
            "mtu": 0,
            "name": "spark-vpc",
            "network_firewall_policy_enforcement_order": "AFTER_CLASSIC_FIREWALL",
            "network_id": "7908800086703710952",
            "network_profile": "",
            "numeric_id": "7908800086703710952",
            "params": [],
            "project": "spark-automation-1763590375",
            "routing_mode": "REGIONAL",
            "self_link": "https://www.googleapis.com/compute/v1/projects/spark-automation-1763590375/global/networks/spark-vpc",
            "timeouts": null
          },
          "sensitive_attributes": [],
          "identity_schema_version": 0,
          "private": "eyJlMmJmYjczMC1lY2FhLTExZTYtOGY4OC0zNDM2M2JjN2M0YzAiOnsiY3JlYXRlIjoxMjAwMDAwMDAwMDAwLCJkZWxldGUiOjEyMDAwMDAwMDAwMDAsInVwZGF0ZSI6MTIwMDAwMDAwMDAwMH19"
        }
      ]
    },
    {
      "mode": "managed",
      "type": "google_compute_project_metadata_item",
      "name": "ssh_keys",
      "provider": "provider[\"registry.terraform.io/hashicorp/google\"]",
      "instances": [
        {
          "schema_version": 0,
          "attributes": {
            "id": "ssh-keys",
            "key": "ssh-keys",
            "project": "spark-automation-1763590375",
            "timeouts": null,
            "value": "ubuntu:ssh-rsa AAAAB3NzaC1yc2EAAAADAQABAAACAQCrSUbxFuahyP9ta45nK8oe916Svu5H0JXiVvnz85gc37R61QNvYq3vE3xJ7MA2kqxPHHjlDlVKx6FlD41lQBdhXBSfZ1k5jfygcUz2iYZ/6utaSQibCyCdwO1VmLkjrzg0vV99XIFPIMF4JmEyTvON8rrbXBMOKAo2V94cLSLwdSkCn10ProOUdRHOq3OmjYS4ZJeMw7sr1Pvu5jWAfduOlHx2ZqgqnA46283EZuq7Vld7FKeGb2zjrtGD6WMo1mvt4WvAoBf/Fmntop3CgXQhm+/nR8LapnK18d7xJcZcRGozdQycOSEW66Hx0U1bJ/7bcoKtwleMWNUCvwX0qjrDiSMiD0dVk9GdmzlYPrfDJPOivTme2TWMi27s52ozUTzcEhJTeBlBBWCcRcBmAi4VAlCMGYoQDhYXHe6lH5x1JTEQeMAe3RxId5yC1ia2IsbFw+d60hZjoMAhJpyeUXYtgEGKw8B0QlheDrSNmKc++X9McfKR/htC/0GXXYXm4oOsZCQ7A1SFe1Bo6FcmPf/R6+sPIXELLrrZXdJI885JRcSEazZjgNipVafOEAB+t7dkHifcktT83xE2gQhiv6l/9VhL8xMLq37bYjx0Cm+TLdbw/SBsOCAukaQryW4flPFza830I5fpR3vwVZEaU/cLNbhzb73wXtHFn2QDjNTbTQ== astinenguyen@gmail.com\n\n"
          },
          "sensitive_attributes": [],
          "identity_schema_version": 0,
          "private": "eyJlMmJmYjczMC1lY2FhLTExZTYtOGY4OC0zNDM2M2JjN2M0YzAiOnsiY3JlYXRlIjo0MjAwMDAwMDAwMDAsImRlbGV0ZSI6NDIwMDAwMDAwMDAwLCJ1cGRhdGUiOjQyMDAwMDAwMDAwMH19"
        }
      ]
    },
    {
      "mode": "managed",
      "type": "google_project_iam_member",
      "name": "spark_logging",
      "provider": "provider[\"registry.terraform.io/hashicorp/google\"]",
      "instances": [
        {
          "schema_version": 0,
          "attributes": {
            "condition": [],
            "etag": "BwZEFjWkX24=",
            "id": "spark-automation-1763590375/roles/logging.logWriter/serviceAccount:spark-worker-sa@spark-automation-1763590375.iam.gserviceaccount.com",
            "member": "serviceAccount:spark-worker-sa@spark-automation-1763590375.iam.gserviceaccount.com",
            "project": "spark-automation-1763590375",
            "role": "roles/logging.logWriter"
          },
          "sensitive_attributes": [],
          "identity_schema_version": 0,
          "private": "bnVsbA==",
          "dependencies": [
            "google_service_account.spark_worker"
          ]
        }
      ]
    },
    {
      "mode": "managed",
      "type": "google_service_account",
      "name": "spark_edge",
      "provider": "provider[\"registry.terraform.io/hashicorp/google\"]",
      "instances": [
        {
          "schema_version": 0,
          "attributes": {
            "account_id": "spark-edge-sa",
            "create_ignore_already_exists": null,
            "description": "",
            "disabled": false,
            "display_name": "Spark Edge Service Account",
            "email": "spark-edge-sa@spark-automation-1763590375.iam.gserviceaccount.com",
            "id": "projects/spark-automation-1763590375/serviceAccounts/spark-edge-sa@spark-automation-1763590375.iam.gserviceaccount.com",
            "member": "serviceAccount:spark-edge-sa@spark-automation-1763590375.iam.gserviceaccount.com",
            "name": "projects/spark-automation-1763590375/serviceAccounts/spark-edge-sa@spark-automation-1763590375.iam.gserviceaccount.com",
            "project": "spark-automation-1763590375",
            "timeouts": null,
            "unique_id": "110367557192557374206"
          },
          "sensitive_attributes": [],
          "identity_schema_version": 0,
          "private": "eyJlMmJmYjczMC1lY2FhLTExZTYtOGY4OC0zNDM2M2JjN2M0YzAiOnsiY3JlYXRlIjozMDAwMDAwMDAwMDB9fQ=="
        }
      ]
    },
    {
      "mode": "managed",
      "type": "google_service_account",
      "name": "spark_master",
      "provider": "provider[\"registry.terraform.io/hashicorp/google\"]",
      "instances": [
        {
          "schema_version": 0,
          "attributes": {
            "account_id": "spark-master-sa",
            "create_ignore_already_exists": null,
            "description": "",
            "disabled": false,
            "display_name": "Spark Master Service Account",
            "email": "spark-master-sa@spark-automation-1763590375.iam.gserviceaccount.com",
            "id": "projects/spark-automation-1763590375/serviceAccounts/spark-master-sa@spark-automation-1763590375.iam.gserviceaccount.com",
            "member": "serviceAccount:spark-master-sa@spark-automation-1763590375.iam.gserviceaccount.com",
            "name": "projects/spark-automation-1763590375/serviceAccounts/spark-master-sa@spark-automation-1763590375.iam.gserviceaccount.com",
            "project": "spark-automation-1763590375",
            "timeouts": null,
            "unique_id": "117065880614253138024"
          },
          "sensitive_attributes": [],
          "identity_schema_version": 0,
          "private": "eyJlMmJmYjczMC1lY2FhLTExZTYtOGY4OC0zNDM2M2JjN2M0YzAiOnsiY3JlYXRlIjozMDAwMDAwMDAwMDB9fQ=="
        }
      ]
    },
    {
      "mode": "managed",
      "type": "google_service_account",
      "name": "spark_worker",
      "provider": "provider[\"registry.terraform.io/hashicorp/google\"]",
      "instances": [
        {
          "schema_version": 0,
          "attributes": {
            "account_id": "spark-worker-sa",
            "create_ignore_already_exists": null,
            "description": "",
            "disabled": false,
            "display_name": "Spark Worker Service Account",
            "email": "spark-worker-sa@spark-automation-1763590375.iam.gserviceaccount.com",
            "id": "projects/spark-automation-1763590375/serviceAccounts/spark-worker-sa@spark-automation-1763590375.iam.gserviceaccount.com",
            "member": "serviceAccount:spark-worker-sa@spark-automation-1763590375.iam.gserviceaccount.com",
            "name": "projects/spark-automation-1763590375/serviceAccounts/spark-worker-sa@spark-automation-1763590375.iam.gserviceaccount.com",
            "project": "spark-automation-1763590375",
            "timeouts": null,
            "unique_id": "103736127197403131229"
          },
          "sensitive_attributes": [],
          "identity_schema_version": 0,
          "private": "eyJlMmJmYjczMC1lY2FhLTExZTYtOGY4OC0zNDM2M2JjN2M0YzAiOnsiY3JlYXRlIjozMDAwMDAwMDAwMDB9fQ=="
        }
      ]
    },
    {
      "mode": "managed",
      "type": "local_file",
      "name": "ansible_inventory",
      "provider": "provider[\"registry.terraform.io/hashicorp/local\"]",
      "instances": [
        {
          "schema_version": 0,
          "attributes": {
            "content": "[master]\nmaster ansible_host=34.61.228.226 private_ip=10.128.0.2 ansible_user=ubuntu\n\n[workers]\nworker-1 ansible_host=34.58.203.94 private_ip=10.128.0.3 ansible_user=ubuntu\nworker-2 ansible_host=34.133.150.19 private_ip=10.128.0.5 ansible_user=ubuntu\n\n[edge]\nedge ansible_host=34.134.143.6 private_ip=10.128.0.4 ansible_user=ubuntu\n\n[spark_cluster:children]\nmaster\nworkers\nedge\n\n[all:vars]\nansible_ssh_private_key_file=~/.ssh/id_rsa\nansible_ssh_common_args='-o StrictHostKeyChecking=no'",
            "content_base64": null,
            "content_base64sha256": "hRA7NCT+LFgG0xGYVkKpVM4ON/Sl/2NmK4hRbnU6Y5k=",
            "content_base64sha512": "XD5hu2kLmZniiK+jYReOrYwU60CftTaVyKMawP+IYLkp/NK1263Jp+JDR2/ldWBaXldr07/BmqTwZNOI6CYX+g==",
            "content_md5": "590284bba2bc9596f11f10079d7a50b1",
            "content_sha1": "e6ef86fc810f440f190619a79f49a1325456e3af",
            "content_sha256": "85103b3424fe2c5806d311985642a954ce0e37f4a5ff63662b88516e753a6399",
            "content_sha512": "5c3e61bb690b9999e288afa361178ead8c14eb409fb53695c8a31ac0ff8860b929fcd2b5dbadc9a7e243476fe575605a5e576bd3bfc19aa4f064d388e82617fa",
            "directory_permission": "0777",
            "file_permission": "0777",
            "filename": "./../ansible/inventory/hosts",
            "id": "e6ef86fc810f440f190619a79f49a1325456e3af",
            "sensitive_content": null,
            "source": null
          },
          "sensitive_attributes": [
            [
              {
                "type": "get_attr",
                "value": "content"
              }
            ],
            [
              {
                "type": "get_attr",
                "value": "sensitive_content"
              }
            ]
          ],
          "identity_schema_version": 0,
          "dependencies": [
            "google_compute_instance.edge",
            "google_compute_instance.master",
            "google_compute_instance.workers",
            "google_compute_network.vpc",
            "google_service_account.spark_edge",
            "google_service_account.spark_master",
            "google_service_account.spark_worker"
          ]
        }
      ]
    },
    {
      "mode": "managed",
      "type": "local_file",
      "name": "hosts_template",
      "provider": "provider[\"registry.terraform.io/hashicorp/local\"]",
      "instances": [
        {
          "schema_version": 0,
          "attributes": {
            "content": "127.0.0.1 localhost\n10.128.0.2 master spark-master\n10.128.0.3 worker-1\n10.128.0.5 worker-2\n10.128.0.4 edge\n\n# The following lines are desirable for IPv6 capable hosts\n::1 ip6-localhost ip6-loopback\nfe00::0 ip6-localnet\nff00::0 ip6-mcastprefix\nff02::1 ip6-allnodes\nff02::2 ip6-allrouters\nff02::3 ip6-allhosts\n169.254.169.254 metadata.google.internal metadata",
            "content_base64": null,
            "content_base64sha256": "F5tz8MngjBfk6D0f4uJkzLmjkqd0YuB0IbNRzNTQFyQ=",
            "content_base64sha512": "Gb9DLbc+6W36ll/xoaO4Sazs0DKFvq4ROn6lolEOGq2eD+Xby3kl3O3Hg4UbXeOOXjQ/4lDCx59z5TqZl6te6g==",
            "content_md5": "530f2dd0164a1c271429c4e37425976c",
            "content_sha1": "4b74589a6da78ba1eb03e6035952180f96224097",
            "content_sha256": "179b73f0c9e08c17e4e83d1fe2e264ccb9a392a77462e07421b351ccd4d01724",
            "content_sha512": "19bf432db73ee96dfa965ff1a1a3b849acecd03285beae113a7ea5a2510e1aad9e0fe5dbcb7925dcedc783851b5de38e5e343fe250c2c79f73e53a9997ab5eea",
            "directory_permission": "0777",
            "file_permission": "0777",
            "filename": "./../ansible/roles/spark/templates/hosts.j2",
            "id": "4b74589a6da78ba1eb03e6035952180f96224097",
            "sensitive_content": null,
            "source": null
          },
          "sensitive_attributes": [
            [
              {
                "type": "get_attr",
                "value": "content"
              }
            ],
            [
              {
                "type": "get_attr",
                "value": "sensitive_content"
              }
            ]
          ],
          "identity_schema_version": 0,
          "dependencies": [
            "google_compute_instance.edge",
            "google_compute_instance.master",
            "google_compute_instance.workers",
            "google_compute_network.vpc",
            "google_service_account.spark_edge",
            "google_service_account.spark_master",
            "google_service_account.spark_worker"
          ]
        }
      ]
    }
  ],
  "check_results": [
    {
      "object_kind": "var",
      "config_addr": "var.project",
      "status": "pass",
      "objects": [
        {
          "object_addr": "var.project",
          "status": "pass"
        }
      ]
    }
  ]
}
